
Microsoft Visual Studio Solution File, Format Version 12.00
# Visual Studio Version 16
VisualStudioVersion = 16.0.32106.194
MinimumVisualStudioVersion = 10.0.40219.1
Project("{FAE04EC0-301F-11D3-BF4B-00C04F79EFBC}") = "Tarea_III_DAL", "Tarea_III_DAL\Tarea_III_DAL.csproj", "{41635E14-671B-4287-8B18-18A8FB9EF209}"
EndProject
Project("{FAE04EC0-301F-11D3-BF4B-00C04F79EFBC}") = "Tarea_III_BLL", "Tarea_III_BLL\Tarea_III_BLL.csproj", "{6C6615AF-B3CB-41F8-AABB-A7E37A842D2E}"
EndProject
Project("{FAE04EC0-301F-11D3-BF4B-00C04F79EFBC}") = "Tarea_III_UX", "Tarea_III_UX\Tarea_III_UX.csproj", "{CEDF6CBB-9DEA-4CA5-A59D-2969C73D2D9A}"
EndProject
Global
	GlobalSection(SolutionConfigurationPlatforms) = preSolution
		Debug|Any CPU = Debug|Any CPU
		Release|Any CPU = Release|Any CPU
	EndGlobalSection
	GlobalSection(ProjectConfigurationPlatforms) = postSolution
		{41635E14-671B-4287-8B18-18A8FB9EF209}.Debug|Any CPU.ActiveCfg = Debug|Any CPU
		{41635E14-671B-4287-8B18-18A8FB9EF209}.Debug|Any CPU.Build.0 = Debug|Any CPU
		{41635E14-671B-4287-8B18-18A8FB9EF209}.Release|Any CPU.ActiveCfg = Release|Any CPU
		{41635E14-671B-4287-8B18-18A8FB9EF209}.Release|Any CPU.Build.0 = Release|Any CPU
		{6C6615AF-B3CB-41F8-AABB-A7E37A842D2E}.Debug|Any CPU.ActiveCfg = Debug|Any CPU
		{6C6615AF-B3CB-41F8-AABB-A7E37A842D2E}.Debug|Any CPU.Build.0 = Debug|Any CPU
		{6C6615AF-B3CB-41F8-AABB-A7E37A842D2E}.Release|Any CPU.ActiveCfg = Release|Any CPU
		{6C6615AF-B3CB-41F8-AABB-A7E37A842D2E}.Release|Any CPU.Build.0 = Release|Any CPU
		{CEDF6CBB-9DEA-4CA5-A59D-2969C73D2D9A}.Debug|Any CPU.ActiveCfg = Debug|Any CPU
		{CEDF6CBB-9DEA-4CA5-A59D-2969C73D2D9A}.Debug|Any CPU.Build.0 = Debug|Any CPU
		{CEDF6CBB-9DEA-4CA5-A59D-2969C73D2D9A}.Release|Any CPU.ActiveCfg = Release|Any CPU
		{CEDF6CBB-9DEA-4CA5-A59D-2969C73D2D9A}.Release|Any CPU.Build.0 = Release|Any CPU
	EndGlobalSection
	GlobalSection(SolutionProperties) = preSolution
		HideSolutionNode = FALSE
	EndGlobalSection
	GlobalSection(ExtensibilityGlobals) = postSolution
		SolutionGuid = {62C682DB-C2AD-48F5-A680-48774FAB4F76}
	EndGlobalSection
EndGlobal
